// !$*UTF8*$!
{
	archiveVersion = 1;
	classes = {
	};
	objectVersion = 77;
	objects = {

/* Begin PBXBuildFile section */
		B825BC722F066DB6005AE35F /* Feature in Frameworks */ = {isa = PBXBuildFile; productRef = B825BC712F066DB6005AE35F /* Feature */; };
		B8738AE52F385EAF00D6F07B /* Mizum.icon in Resources */ = {isa = PBXBuildFile; fileRef = B8738AE42F385EAF00D6F07B /* Mizum.icon */; };
/* End PBXBuildFile section */

/* Begin PBXContainerItemProxy section */
		B8A0E53C2F03911300883AD9 /* PBXContainerItemProxy */ = {
			isa = PBXContainerItemProxy;
			containerPortal = B8A0E5262F03911200883AD9 /* Project object */;
			proxyType = 1;
			remoteGlobalIDString = B8A0E52D2F03911200883AD9;
			remoteInfo = Mizum;
		};
		B8A0E5462F03911300883AD9 /* PBXContainerItemProxy */ = {
			isa = PBXContainerItemProxy;
			containerPortal = B8A0E5262F03911200883AD9 /* Project object */;
			proxyType = 1;
			remoteGlobalIDString = B8A0E52D2F03911200883AD9;
			remoteInfo = Mizum;
		};
/* End PBXContainerItemProxy section */

/* Begin PBXFileReference section */
		B825BC6D2F066B56005AE35F /* Core */ = {isa = PBXFileReference; lastKnownFileType = wrapper; name = Core; path = Packages/Core; sourceTree = "<group>"; };
		B8738AB02F09FD2700D6F07B /* Mizum-Info.plist */ = {isa = PBXFileReference; lastKnownFileType = text.plist; path = "Mizum-Info.plist"; sourceTree = "<group>"; };
		B8738AB42F14C6EF00D6F07B /* Mizum.entitlements */ = {isa = PBXFileReference; lastKnownFileType = text.plist.entitlements; path = Mizum.entitlements; sourceTree = "<group>"; };
		B8738AE42F385EAF00D6F07B /* Mizum.icon */ = {isa = PBXFileReference; lastKnownFileType = folder.iconcomposer.icon; path = Mizum.icon; sourceTree = "<group>"; };
		B8A0E52E2F03911200883AD9 /* iOS.app */ = {isa = PBXFileReference; explicitFileType = wrapper.application; includeInIndex = 0; path = iOS.app; sourceTree = BUILT_PRODUCTS_DIR; };
		B8A0E53B2F03911300883AD9 /* iOSTests.xctest */ = {isa = PBXFileReference; explicitFileType = wrapper.cfbundle; includeInIndex = 0; path = iOSTests.xctest; sourceTree = BUILT_PRODUCTS_DIR; };
		B8A0E5452F03911300883AD9 /* iOSUITests.xctest */ = {isa = PBXFileReference; explicitFileType = wrapper.cfbundle; includeInIndex = 0; path = iOSUITests.xctest; sourceTree = BUILT_PRODUCTS_DIR; };
/* End PBXFileReference section */

/* Begin PBXFileSystemSynchronizedRootGroup section */
		B8A0E5302F03911200883AD9 /* iOSApp */ = {
			isa = PBXFileSystemSynchronizedRootGroup;
			path = iOSApp;
			sourceTree = "<group>";
		};
		B8A0E53E2F03911300883AD9 /* iOSAppTests */ = {
			isa = PBXFileSystemSynchronizedRootGroup;
			path = iOSAppTests;
			sourceTree = "<group>";
		};
		B8A0E5482F03911300883AD9 /* iOSAppUITests */ = {
			isa = PBXFileSystemSynchronizedRootGroup;
			path = iOSAppUITests;
			sourceTree = "<group>";
		};
/* End PBXFileSystemSynchronizedRootGroup section */

/* Begin PBXFrameworksBuildPhase section */
		B8A0E52B2F03911200883AD9 /* Frameworks */ = {
			isa = PBXFrameworksBuildPhase;
			buildActionMask = 2147483647;
			files = (
				B825BC722F066DB6005AE35F /* Feature in Frameworks */,
			);
			runOnlyForDeploymentPostprocessing = 0;
		};
		B8A0E5382F03911300883AD9 /* Frameworks */ = {
			isa = PBXFrameworksBuildPhase;
			buildActionMask = 2147483647;
			files = (
			);
			runOnlyForDeploymentPostprocessing = 0;
		};
		B8A0E5422F03911300883AD9 /* Frameworks */ = {
			isa = PBXFrameworksBuildPhase;
			buildActionMask = 2147483647;
			files = (
			);
			runOnlyForDeploymentPostprocessing = 0;
		};
/* End PBXFrameworksBuildPhase section */

/* Begin PBXGroup section */
		B825BC6E2F066B8B005AE35F /* Frameworks */ = {
			isa = PBXGroup;
			children = (
			);
			name = Frameworks;
			sourceTree = "<group>";
		};
		B8A0E5252F03911200883AD9 = {
			isa = PBXGroup;
			children = (
				B8738AE42F385EAF00D6F07B /* Mizum.icon */,
				B8738AB42F14C6EF00D6F07B /* Mizum.entitlements */,
				B8738AB02F09FD2700D6F07B /* Mizum-Info.plist */,
				B825BC6D2F066B56005AE35F /* Core */,
				B8A0E5302F03911200883AD9 /* iOSApp */,
				B8A0E53E2F03911300883AD9 /* iOSAppTests */,
				B8A0E5482F03911300883AD9 /* iOSAppUITests */,
				B825BC6E2F066B8B005AE35F /* Frameworks */,
				B8A0E52F2F03911200883AD9 /* Products */,
			);
			sourceTree = "<group>";
		};
		B8A0E52F2F03911200883AD9 /* Products */ = {
			isa = PBXGroup;
			children = (
				B8A0E52E2F03911200883AD9 /* iOS.app */,
				B8A0E53B2F03911300883AD9 /* iOSTests.xctest */,
				B8A0E5452F03911300883AD9 /* iOSUITests.xctest */,
			);
			name = Products;
			sourceTree = "<group>";
		};
/* End PBXGroup section */

/* Begin PBXNativeTarget section */
		B8A0E52D2F03911200883AD9 /* iOS */ = {
			isa = PBXNativeTarget;
			buildConfigurationList = B8A0E54F2F03911300883AD9 /* Build configuration list for PBXNativeTarget "iOS" */;
			buildPhases = (
				B8A0E52A2F03911200883AD9 /* Sources */,
				B8A0E52B2F03911200883AD9 /* Frameworks */,
				B8A0E52C2F03911200883AD9 /* Resources */,
			);
			buildRules = (
			);
			dependencies = (
			);
			fileSystemSynchronizedGroups = (
				B8A0E5302F03911200883AD9 /* iOSApp */,
			);
			name = iOS;
			packageProductDependencies = (
				B825BC712F066DB6005AE35F /* Feature */,
			);
			productName = Mizum;
			productReference = B8A0E52E2F03911200883AD9 /* iOS.app */;
			productType = "com.apple.product-type.application";
		};
		B8A0E53A2F03911300883AD9 /* iOSTests */ = {
			isa = PBXNativeTarget;
			buildConfigurationList = B8A0E5522F03911300883AD9 /* Build configuration list for PBXNativeTarget "iOSTests" */;
			buildPhases = (
				B8A0E5372F03911300883AD9 /* Sources */,
				B8A0E5382F03911300883AD9 /* Frameworks */,
				B8A0E5392F03911300883AD9 /* Resources */,
			);
			buildRules = (
			);
			dependencies = (
				B8A0E53D2F03911300883AD9 /* PBXTargetDependency */,
			);
			fileSystemSynchronizedGroups = (
				B8A0E53E2F03911300883AD9 /* iOSAppTests */,
			);
			name = iOSTests;
			packageProductDependencies = (
			);
			productName = MizumTests;
			productReference = B8A0E53B2F03911300883AD9 /* iOSTests.xctest */;
			productType = "com.apple.product-type.bundle.unit-test";
		};
		B8A0E5442F03911300883AD9 /* iOSUITests */ = {
			isa = PBXNativeTarget;
			buildConfigurationList = B8A0E5552F03911300883AD9 /* Build configuration list for PBXNativeTarget "iOSUITests" */;
			buildPhases = (
				B8A0E5412F03911300883AD9 /* Sources */,
				B8A0E5422F03911300883AD9 /* Frameworks */,
				B8A0E5432F03911300883AD9 /* Resources */,
			);
			buildRules = (
			);
			dependencies = (
				B8A0E5472F03911300883AD9 /* PBXTargetDependency */,
			);
			fileSystemSynchronizedGroups = (
				B8A0E5482F03911300883AD9 /* iOSAppUITests */,
			);
			name = iOSUITests;
			packageProductDependencies = (
			);
			productName = MizumUITests;
			productReference = B8A0E5452F03911300883AD9 /* iOSUITests.xctest */;
			productType = "com.apple.product-type.bundle.ui-testing";
		};
/* End PBXNativeTarget section */

/* Begin PBXProject section */
		B8A0E5262F03911200883AD9 /* Project object */ = {
			isa = PBXProject;
			attributes = {
				BuildIndependentTargetsInParallel = 1;
				LastSwiftUpdateCheck = 2620;
				LastUpgradeCheck = 2620;
				TargetAttributes = {
					B8A0E52D2F03911200883AD9 = {
						CreatedOnToolsVersion = 26.2;
					};
					B8A0E53A2F03911300883AD9 = {
						CreatedOnToolsVersion = 26.2;
						TestTargetID = B8A0E52D2F03911200883AD9;
					};
					B8A0E5442F03911300883AD9 = {
						CreatedOnToolsVersion = 26.2;
						TestTargetID = B8A0E52D2F03911200883AD9;
					};
				};
			};
			buildConfigurationList = B8A0E5292F03911200883AD9 /* Build configuration list for PBXProject "Mizum" */;
			developmentRegion = en;
			hasScannedForEncodings = 0;
			knownRegions = (
				en,
				Base,
			);
			mainGroup = B8A0E5252F03911200883AD9;
			minimizedProjectReferenceProxies = 1;
			preferredProjectObjectVersion = 77;
			productRefGroup = B8A0E52F2F03911200883AD9 /* Products */;
			projectDirPath = "";
			projectRoot = "";
			targets = (
				B8A0E52D2F03911200883AD9 /* iOS */,
				B8A0E53A2F03911300883AD9 /* iOSTests */,
				B8A0E5442F03911300883AD9 /* iOSUITests */,
			);
		};
/* End PBXProject section */

/* Begin PBXResourcesBuildPhase section */
		B8A0E52C2F03911200883AD9 /* Resources */ = {
			isa = PBXResourcesBuildPhase;
			buildActionMask = 2147483647;
			files = (
				B8738AE52F385EAF00D6F07B /* Mizum.icon in Resources */,
			);
			runOnlyForDeploymentPostprocessing = 0;
		};
		B8A0E5392F03911300883AD9 /* Resources */ = {
			isa = PBXResourcesBuildPhase;
			buildActionMask = 2147483647;
			files = (
			);
			runOnlyForDeploymentPostprocessing = 0;
		};
		B8A0E5432F03911300883AD9 /* Resources */ = {
			isa = PBXResourcesBuildPhase;
			buildActionMask = 2147483647;
			files = (
			);
			runOnlyForDeploymentPostprocessing = 0;
		};
/* End PBXResourcesBuildPhase section */

/* Begin PBXSourcesBuildPhase section */
		B8A0E52A2F03911200883AD9 /* Sources */ = {
			isa = PBXSourcesBuildPhase;
			buildActionMask = 2147483647;
			files = (
			);
			runOnlyForDeploymentPostprocessing = 0;
		};
		B8A0E5372F03911300883AD9 /* Sources */ = {
			isa = PBXSourcesBuildPhase;
			buildActionMask = 2147483647;
			files = (
			);
			runOnlyForDeploymentPostprocessing = 0;
		};
		B8A0E5412F03911300883AD9 /* Sources */ = {
			isa = PBXSourcesBuildPhase;
			buildActionMask = 2147483647;
			files = (
			);
			runOnlyForDeploymentPostprocessing = 0;
		};
/* End PBXSourcesBuildPhase section */

/* Begin PBXTargetDependency section */
		B8A0E53D2F03911300883AD9 /* PBXTargetDependency */ = {
			isa = PBXTargetDependency;
			target = B8A0E52D2F03911200883AD9 /* iOS */;
			targetProxy = B8A0E53C2F03911300883AD9 /* PBXContainerItemProxy */;
		};
		B8A0E5472F03911300883AD9 /* PBXTargetDependency */ = {
			isa = PBXTargetDependency;
			target = B8A0E52D2F03911200883AD9 /* iOS */;
			targetProxy = B8A0E5462F03911300883AD9 /* PBXContainerItemProxy */;
		};
/* End PBXTargetDependency section */

/* Begin XCBuildConfiguration section */
		B8A0E54D2F03911300883AD9 /* Debug */ = {
			isa = XCBuildConfiguration;
			buildSettings = {
				ALWAYS_SEARCH_USER_PATHS = NO;
				ASSETCATALOG_COMPILER_GENERATE_SWIFT_ASSET_SYMBOL_EXTENSIONS = YES;
				CLANG_ANALYZER_NONNULL = YES;
				CLANG_ANALYZER_NUMBER_OBJECT_CONVERSION = YES_AGGRESSIVE;
				CLANG_CXX_LANGUAGE_STANDARD = "gnu++20";
				CLANG_ENABLE_MODULES = YES;
				CLANG_ENABLE_OBJC_ARC = YES;
				CLANG_ENABLE_OBJC_WEAK = YES;
				CLANG_WARN_BLOCK_CAPTURE_AUTORELEASING = YES;
				CLANG_WARN_BOOL_CONVERSION = YES;
				CLANG_WARN_COMMA = YES;
				CLANG_WARN_CONSTANT_CONVERSION = YES;
				CLANG_WARN_DEPRECATED_OBJC_IMPLEMENTATIONS = YES;
				CLANG_WARN_DIRECT_OBJC_ISA_USAGE = YES_ERROR;
				CLANG_WARN_DOCUMENTATION_COMMENTS = YES;
				CLANG_WARN_EMPTY_BODY = YES;
				CLANG_WARN_ENUM_CONVERSION = YES;
				CLANG_WARN_INFINITE_RECURSION = YES;
				CLANG_WARN_INT_CONVERSION = YES;
				CLANG_WARN_NON_LITERAL_NULL_CONVERSION = YES;
				CLANG_WARN_OBJC_IMPLICIT_RETAIN_SELF = YES;
				CLANG_WARN_OBJC_LITERAL_CONVERSION = YES;
				CLANG_WARN_OBJC_ROOT_CLASS = YES_ERROR;
				CLANG_WARN_QUOTED_INCLUDE_IN_FRAMEWORK_HEADER = YES;
				CLANG_WARN_RANGE_LOOP_ANALYSIS = YES;
				CLANG_WARN_STRICT_PROTOTYPES = YES;
				CLANG_WARN_SUSPICIOUS_MOVE = YES;
				CLANG_WARN_UNGUARDED_AVAILABILITY = YES_AGGRESSIVE;
				CLANG_WARN_UNREACHABLE_CODE = YES;
				CLANG_WARN__DUPLICATE_METHOD_MATCH = YES;
				COPY_PHASE_STRIP = NO;
				DEBUG_INFORMATION_FORMAT = dwarf;
				DEVELOPMENT_TEAM = 87TZUGTM2U;
				ENABLE_STRICT_OBJC_MSGSEND = YES;
				ENABLE_TESTABILITY = YES;
				ENABLE_USER_SCRIPT_SANDBOXING = YES;
				GCC_C_LANGUAGE_STANDARD = gnu17;
				GCC_DYNAMIC_NO_PIC = NO;
				GCC_NO_COMMON_BLOCKS = YES;
				GCC_OPTIMIZATION_LEVEL = 0;
				GCC_PREPROCESSOR_DEFINITIONS = (
					"DEBUG=1",
					"$(inherited)",
				);
				GCC_WARN_64_TO_32_BIT_CONVERSION = YES;
				GCC_WARN_ABOUT_RETURN_TYPE = YES_ERROR;
				GCC_WARN_UNDECLARED_SELECTOR = YES;
				GCC_WARN_UNINITIALIZED_AUTOS = YES_AGGRESSIVE;
				GCC_WARN_UNUSED_FUNCTION = YES;
				GCC_WARN_UNUSED_VARIABLE = YES;
				IPHONEOS_DEPLOYMENT_TARGET = 26.2;
				LOCALIZATION_PREFERS_STRING_CATALOGS = YES;
				MTL_ENABLE_DEBUG_INFO = INCLUDE_SOURCE;
				MTL_FAST_MATH = YES;
				ONLY_ACTIVE_ARCH = YES;
				SDKROOT = iphoneos;
				SWIFT_ACTIVE_COMPILATION_CONDITIONS = "DEBUG $(inherited)";
				SWIFT_OPTIMIZATION_LEVEL = "-Onone";
			};
			name = Debug;
		};
		B8A0E54E2F03911300883AD9 /* Release */ = {
			isa = XCBuildConfiguration;
			buildSettings = {
				ALWAYS_SEARCH_USER_PATHS = NO;
				ASSETCATALOG_COMPILER_GENERATE_SWIFT_ASSET_SYMBOL_EXTENSIONS = YES;
				CLANG_ANALYZER_NONNULL = YES;
				CLANG_ANALYZER_NUMBER_OBJECT_CONVERSION = YES_AGGRESSIVE;
				CLANG_CXX_LANGUAGE_STANDARD = "gnu++20";
				CLANG_ENABLE_MODULES = YES;
				CLANG_ENABLE_OBJC_ARC = YES;
				CLANG_ENABLE_OBJC_WEAK = YES;
				CLANG_WARN_BLOCK_CAPTURE_AUTORELEASING = YES;
				CLANG_WARN_BOOL_CONVERSION = YES;
				CLANG_WARN_COMMA = YES;
				CLANG_WARN_CONSTANT_CONVERSION = YES;
				CLANG_WARN_DEPRECATED_OBJC_IMPLEMENTATIONS = YES;
				CLANG_WARN_DIRECT_OBJC_ISA_USAGE = YES_ERROR;
				CLANG_WARN_DOCUMENTATION_COMMENTS = YES;
				CLANG_WARN_EMPTY_BODY = YES;
				CLANG_WARN_ENUM_CONVERSION = YES;
				CLANG_WARN_INFINITE_RECURSION = YES;
				CLANG_WARN_INT_CONVERSION = YES;
				CLANG_WARN_NON_LITERAL_NULL_CONVERSION = YES;
				CLANG_WARN_OBJC_IMPLICIT_RETAIN_SELF = YES;
				CLANG_WARN_OBJC_LITERAL_CONVERSION = YES;
				CLANG_WARN_OBJC_ROOT_CLASS = YES_ERROR;
				CLANG_WARN_QUOTED_INCLUDE_IN_FRAMEWORK_HEADER = YES;
				CLANG_WARN_RANGE_LOOP_ANALYSIS = YES;
				CLANG_WARN_STRICT_PROTOTYPES = YES;
				CLANG_WARN_SUSPICIOUS_MOVE = YES;
				CLANG_WARN_UNGUARDED_AVAILABILITY = YES_AGGRESSIVE;
				CLANG_WARN_UNREACHABLE_CODE = YES;
				CLANG_WARN__DUPLICATE_METHOD_MATCH = YES;
				COPY_PHASE_STRIP = NO;
				DEBUG_INFORMATION_FORMAT = "dwarf-with-dsym";
				DEVELOPMENT_TEAM = 87TZUGTM2U;
				ENABLE_NS_ASSERTIONS = NO;
				ENABLE_STRICT_OBJC_MSGSEND = YES;
				ENABLE_USER_SCRIPT_SANDBOXING = YES;
				GCC_C_LANGUAGE_STANDARD = gnu17;
				GCC_NO_COMMON_BLOCKS = YES;
				GCC_WARN_64_TO_32_BIT_CONVERSION = YES;
				GCC_WARN_ABOUT_RETURN_TYPE = YES_ERROR;
				GCC_WARN_UNDECLARED_SELECTOR = YES;
				GCC_WARN_UNINITIALIZED_AUTOS = YES_AGGRESSIVE;
				GCC_WARN_UNUSED_FUNCTION = YES;
				GCC_WARN_UNUSED_VARIABLE = YES;
				IPHONEOS_DEPLOYMENT_TARGET = 26.2;
				LOCALIZATION_PREFERS_STRING_CATALOGS = YES;
				MTL_ENABLE_DEBUG_INFO = NO;
				MTL_FAST_MATH = YES;
				SDKROOT = iphoneos;
				SWIFT_COMPILATION_MODE = wholemodule;
				VALIDATE_PRODUCT = YES;
			};
			name = Release;
		};
		B8A0E5502F03911300883AD9 /* Debug */ = {
			isa = XCBuildConfiguration;
			buildSettings = {
				ASSETCATALOG_COMPILER_APPICON_NAME = Mizum;
				ASSETCATALOG_COMPILER_GLOBAL_ACCENT_COLOR_NAME = AccentColor;
				CODE_SIGN_ENTITLEMENTS = Mizum.entitlements;
				CODE_SIGN_STYLE = Automatic;
				CURRENT_PROJECT_VERSION = 1;
				DEVELOPMENT_TEAM = 87TZUGTM2U;
				ENABLE_PREVIEWS = YES;
				GENERATE_INFOPLIST_FILE = YES;
				INFOPLIST_FILE = "Mizum-Info.plist";
				INFOPLIST_KEY_CFBundleDisplayName = Mizum;
				INFOPLIST_KEY_NSHealthShareUsageDescription = "Display your drink history from the Health app.";
				INFOPLIST_KEY_NSHealthUpdateUsageDescription = "Save your drink records to the Health app.";
				INFOPLIST_KEY_UIApplicationSceneManifest_Generation = YES;
				INFOPLIST_KEY_UIApplicationSupportsIndirectInputEvents = YES;
				INFOPLIST_KEY_UILaunchScreen_Generation = YES;
				INFOPLIST_KEY_UISupportedInterfaceOrientations_iPad = "UIInterfaceOrientationPortrait UIInterfaceOrientationPortraitUpsideDown UIInterfaceOrientationLandscapeLeft UIInterfaceOrientationLandscapeRight";
				INFOPLIST_KEY_UISupportedInterfaceOrientations_iPhone = "UIInterfaceOrientationPortrait UIInterfaceOrientationLandscapeLeft UIInterfaceOrientationLandscapeRight";
				LD_RUNPATH_SEARCH_PATHS = (
					"$(inherited)",
					"@executable_path/Frameworks",
				);
				MARKETING_VERSION = 1.0;
				PRODUCT_BUNDLE_IDENTIFIER = io.github.kiyohitonara.Mizum;
				PRODUCT_NAME = "$(TARGET_NAME)";
				STRING_CATALOG_GENERATE_SYMBOLS = YES;
				SWIFT_APPROACHABLE_CONCURRENCY = YES;
				SWIFT_DEFAULT_ACTOR_ISOLATION = MainActor;
				SWIFT_EMIT_LOC_STRINGS = YES;
				SWIFT_UPCOMING_FEATURE_MEMBER_IMPORT_VISIBILITY = YES;
				SWIFT_VERSION = 5.0;
				TARGETED_DEVICE_FAMILY = "1,2";
			};
			name = Debug;
		};
		B8A0E5512F03911300883AD9 /* Release */ = {
			isa = XCBuildConfiguration;
			buildSettings = {
				ASSETCATALOG_COMPILER_APPICON_NAME = Mizum;
				ASSETCATALOG_COMPILER_GLOBAL_ACCENT_COLOR_NAME = AccentColor;
				CODE_SIGN_ENTITLEMENTS = Mizum.entitlements;
				CODE_SIGN_STYLE = Automatic;
				CURRENT_PROJECT_VERSION = 1;
				DEVELOPMENT_TEAM = 87TZUGTM2U;
				ENABLE_PREVIEWS = YES;
				GENERATE_INFOPLIST_FILE = YES;
				INFOPLIST_FILE = "Mizum-Info.plist";
				INFOPLIST_KEY_CFBundleDisplayName = Mizum;
				INFOPLIST_KEY_NSHealthShareUsageDescription = "Display your drink history from the Health app.";
				INFOPLIST_KEY_NSHealthUpdateUsageDescription = "Save your drink records to the Health app.";
				INFOPLIST_KEY_UIApplicationSceneManifest_Generation = YES;
				INFOPLIST_KEY_UIApplicationSupportsIndirectInputEvents = YES;
				INFOPLIST_KEY_UILaunchScreen_Generation = YES;
				INFOPLIST_KEY_UISupportedInterfaceOrientations_iPad = "UIInterfaceOrientationPortrait UIInterfaceOrientationPortraitUpsideDown UIInterfaceOrientationLandscapeLeft UIInterfaceOrientationLandscapeRight";
				INFOPLIST_KEY_UISupportedInterfaceOrientations_iPhone = "UIInterfaceOrientationPortrait UIInterfaceOrientationLandscapeLeft UIInterfaceOrientationLandscapeRight";
				LD_RUNPATH_SEARCH_PATHS = (
					"$(inherited)",
					"@executable_path/Frameworks",
				);
				MARKETING_VERSION = 1.0;
				PRODUCT_BUNDLE_IDENTIFIER = io.github.kiyohitonara.Mizum;
				PRODUCT_NAME = "$(TARGET_NAME)";
				STRING_CATALOG_GENERATE_SYMBOLS = YES;
				SWIFT_APPROACHABLE_CONCURRENCY = YES;
				SWIFT_DEFAULT_ACTOR_ISOLATION = MainActor;
				SWIFT_EMIT_LOC_STRINGS = YES;
				SWIFT_UPCOMING_FEATURE_MEMBER_IMPORT_VISIBILITY = YES;
				SWIFT_VERSION = 5.0;
				TARGETED_DEVICE_FAMILY = "1,2";
			};
			name = Release;
		};
		B8A0E5532F03911300883AD9 /* Debug */ = {
			isa = XCBuildConfiguration;
			buildSettings = {
				BUNDLE_LOADER = "$(TEST_HOST)";
				CODE_SIGN_STYLE = Automatic;
				CURRENT_PROJECT_VERSION = 1;
				DEVELOPMENT_TEAM = 87TZUGTM2U;
				GENERATE_INFOPLIST_FILE = YES;
				IPHONEOS_DEPLOYMENT_TARGET = 26.2;
				MARKETING_VERSION = 1.0;
				PRODUCT_BUNDLE_IDENTIFIER = io.github.kiyohitonara.MizumTests;
				PRODUCT_NAME = "$(TARGET_NAME)";
				STRING_CATALOG_GENERATE_SYMBOLS = NO;
				SWIFT_APPROACHABLE_CONCURRENCY = YES;
				SWIFT_EMIT_LOC_STRINGS = NO;
				SWIFT_UPCOMING_FEATURE_MEMBER_IMPORT_VISIBILITY = YES;
				SWIFT_VERSION = 5.0;
				TARGETED_DEVICE_FAMILY = "1,2";
				TEST_HOST = "$(BUILT_PRODUCTS_DIR)/Mizum.app/$(BUNDLE_EXECUTABLE_FOLDER_PATH)/Mizum";
			};
			name = Debug;
		};
		B8A0E5542F03911300883AD9 /* Release */ = {
			isa = XCBuildConfiguration;
			buildSettings = {
				BUNDLE_LOADER = "$(TEST_HOST)";
				CODE_SIGN_STYLE = Automatic;
				CURRENT_PROJECT_VERSION = 1;
				DEVELOPMENT_TEAM = 87TZUGTM2U;
				GENERATE_INFOPLIST_FILE = YES;
				IPHONEOS_DEPLOYMENT_TARGET = 26.2;
				MARKETING_VERSION = 1.0;
				PRODUCT_BUNDLE_IDENTIFIER = io.github.kiyohitonara.MizumTests;
				PRODUCT_NAME = "$(TARGET_NAME)";
				STRING_CATALOG_GENERATE_SYMBOLS = NO;
				SWIFT_APPROACHABLE_CONCURRENCY = YES;
				SWIFT_EMIT_LOC_STRINGS = NO;
				SWIFT_UPCOMING_FEATURE_MEMBER_IMPORT_VISIBILITY = YES;
				SWIFT_VERSION = 5.0;
				TARGETED_DEVICE_FAMILY = "1,2";
				TEST_HOST = "$(BUILT_PRODUCTS_DIR)/Mizum.app/$(BUNDLE_EXECUTABLE_FOLDER_PATH)/Mizum";
			};
			name = Release;
		};
		B8A0E5562F03911300883AD9 /* Debug */ = {
			isa = XCBuildConfiguration;
			buildSettings = {
				CODE_SIGN_STYLE = Automatic;
				CURRENT_PROJECT_VERSION = 1;
				DEVELOPMENT_TEAM = 87TZUGTM2U;
				GENERATE_INFOPLIST_FILE = YES;
				MARKETING_VERSION = 1.0;
				PRODUCT_BUNDLE_IDENTIFIER = io.github.kiyohitonara.MizumUITests;
				PRODUCT_NAME = "$(TARGET_NAME)";
				STRING_CATALOG_GENERATE_SYMBOLS = NO;
				SWIFT_APPROACHABLE_CONCURRENCY = YES;
				SWIFT_EMIT_LOC_STRINGS = NO;
				SWIFT_UPCOMING_FEATURE_MEMBER_IMPORT_VISIBILITY = YES;
				SWIFT_VERSION = 5.0;
				TARGETED_DEVICE_FAMILY = "1,2";
				TEST_TARGET_NAME = Mizum;
			};
			name = Debug;
		};
		B8A0E5572F03911300883AD9 /* Release */ = {
			isa = XCBuildConfiguration;
			buildSettings = {
				CODE_SIGN_STYLE = Automatic;
				CURRENT_PROJECT_VERSION = 1;
				DEVELOPMENT_TEAM = 87TZUGTM2U;
				GENERATE_INFOPLIST_FILE = YES;
				MARKETING_VERSION = 1.0;
				PRODUCT_BUNDLE_IDENTIFIER = io.github.kiyohitonara.MizumUITests;
				PRODUCT_NAME = "$(TARGET_NAME)";
				STRING_CATALOG_GENERATE_SYMBOLS = NO;
				SWIFT_APPROACHABLE_CONCURRENCY = YES;
				SWIFT_EMIT_LOC_STRINGS = NO;
				SWIFT_UPCOMING_FEATURE_MEMBER_IMPORT_VISIBILITY = YES;
				SWIFT_VERSION = 5.0;
				TARGETED_DEVICE_FAMILY = "1,2";
				TEST_TARGET_NAME = Mizum;
			};
			name = Release;
		};
/* End XCBuildConfiguration section */

/* Begin XCConfigurationList section */
		B8A0E5292F03911200883AD9 /* Build configuration list for PBXProject "Mizum" */ = {
			isa = XCConfigurationList;
			buildConfigurations = (
				B8A0E54D2F03911300883AD9 /* Debug */,
				B8A0E54E2F03911300883AD9 /* Release */,
			);
			defaultConfigurationIsVisible = 0;
			defaultConfigurationName = Release;
		};
		B8A0E54F2F03911300883AD9 /* Build configuration list for PBXNativeTarget "iOS" */ = {
			isa = XCConfigurationList;
			buildConfigurations = (
				B8A0E5502F03911300883AD9 /* Debug */,
				B8A0E5512F03911300883AD9 /* Release */,
			);
			defaultConfigurationIsVisible = 0;
			defaultConfigurationName = Release;
		};
		B8A0E5522F03911300883AD9 /* Build configuration list for PBXNativeTarget "iOSTests" */ = {
			isa = XCConfigurationList;
			buildConfigurations = (
				B8A0E5532F03911300883AD9 /* Debug */,
				B8A0E5542F03911300883AD9 /* Release */,
			);
			defaultConfigurationIsVisible = 0;
			defaultConfigurationName = Release;
		};
		B8A0E5552F03911300883AD9 /* Build configuration list for PBXNativeTarget "iOSUITests" */ = {
			isa = XCConfigurationList;
			buildConfigurations = (
				B8A0E5562F03911300883AD9 /* Debug */,
				B8A0E5572F03911300883AD9 /* Release */,
			);
			defaultConfigurationIsVisible = 0;
			defaultConfigurationName = Release;
		};
/* End XCConfigurationList section */

/* Begin XCSwiftPackageProductDependency section */
		B825BC712F066DB6005AE35F /* Feature */ = {
			isa = XCSwiftPackageProductDependency;
			productName = Feature;
		};
/* End XCSwiftPackageProductDependency section */
	};
	rootObject = B8A0E5262F03911200883AD9 /* Project object */;
}
